Microsoft Visual Studio Solution File, Format Version 12.00
# Visual Studio Version 17
VisualStudioVersion = 17.5.2.0
MinimumVisualStudioVersion = 10.0.40219.1
Project("{FAE04EC0-301F-11D3-BF4B-00C04F79EFBC}") = "IceCreams", "IceCreams.csproj", "{A8060F2C-7EFD-9CA2-D9CF-DCD1345F5D94}"
EndProject
Global
	GlobalSection(SolutionConfigurationPlatforms) = preSolution
		Debug|Any CPU = Debug|Any CPU
		Release|Any CPU = Release|Any CPU
	EndGlobalSection
	GlobalSection(ProjectConfigurationPlatforms) = postSolution
		{A8060F2C-7EFD-9CA2-D9CF-DCD1345F5D94}.Debug|Any CPU.ActiveCfg = Debug|Any CPU
		{A8060F2C-7EFD-9CA2-D9CF-DCD1345F5D94}.Debug|Any CPU.Build.0 = Debug|Any CPU
		{A8060F2C-7EFD-9CA2-D9CF-DCD1345F5D94}.Release|Any CPU.ActiveCfg = Release|Any CPU
		{A8060F2C-7EFD-9CA2-D9CF-DCD1345F5D94}.Release|Any CPU.Build.0 = Release|Any CPU
	EndGlobalSection
	GlobalSection(SolutionProperties) = preSolution
		HideSolutionNode = FALSE
	EndGlobalSection
	GlobalSection(ExtensibilityGlobals) = postSolution
		SolutionGuid = {EF9945B3-86CB-4574-B645-3857775F124B}
	EndGlobalSection
EndGlobal
